
Microsoft Visual Studio Solution File, Format Version 12.00
# Visual Studio 15
VisualStudioVersion = 15.0.27703.2026
MinimumVisualStudioVersion = 10.0.40219.1
Project("{F2A71F9B-5D33-465A-A702-920D77279786}") = "Messaging", "Messaging\Messaging.fsproj", "{605D47FF-F240-4C28-A9C9-5D5B5DE46A3A}"
EndProject
Project("{F2A71F9B-5D33-465A-A702-920D77279786}") = "Demo", "Demo\Demo.fsproj", "{0B782845-1251-4657-859F-06AF470084A7}"
EndProject
Project("{F2A71F9B-5D33-465A-A702-920D77279786}") = "Domain", "Domain\Domain.fsproj", "{D1CF3BB3-0921-475E-9E42-2CA50588A387}"
EndProject
Project("{F2A71F9B-5D33-465A-A702-920D77279786}") = "Service", "Service\Service.fsproj", "{CE40CF48-0598-4869-91CA-A0F49D6272CB}"
EndProject
Project("{F2A71F9B-5D33-465A-A702-920D77279786}") = "Events", "Events\Events.fsproj", "{68FD0F61-7B6C-4C15-9170-EC0B31596688}"
EndProject
Project("{2150E333-8FDC-42A3-9474-1A3956D46DE8}") = "DomainService", "DomainService", "{A25C32E1-74D2-4A2A-8BBF-198B7E6D0AB2}"
EndProject
Project("{2150E333-8FDC-42A3-9474-1A3956D46DE8}") = "MessagingEndpoint", "MessagingEndpoint", "{3EA340FB-22B3-40D9-8F52-9F159D2ED6DF}"
EndProject
Project("{2150E333-8FDC-42A3-9474-1A3956D46DE8}") = "DemoEndpoint", "DemoEndpoint", "{DE5F767C-B554-4E0A-967F-8A449810545E}"
EndProject
Project("{2150E333-8FDC-42A3-9474-1A3956D46DE8}") = "DataStore", "DataStore", "{D590D210-E5AB-4409-B001-E684E1DED8FA}"
EndProject
Project("{F2A71F9B-5D33-465A-A702-920D77279786}") = "Data", "Data\Data.fsproj", "{F3161793-CFCE-4710-88DB-7C97E33BC949}"
EndProject
Global
	GlobalSection(SolutionConfigurationPlatforms) = preSolution
		Debug|Any CPU = Debug|Any CPU
		Release|Any CPU = Release|Any CPU
	EndGlobalSection
	GlobalSection(ProjectConfigurationPlatforms) = postSolution
		{605D47FF-F240-4C28-A9C9-5D5B5DE46A3A}.Debug|Any CPU.ActiveCfg = Debug|Any CPU
		{605D47FF-F240-4C28-A9C9-5D5B5DE46A3A}.Debug|Any CPU.Build.0 = Debug|Any CPU
		{605D47FF-F240-4C28-A9C9-5D5B5DE46A3A}.Release|Any CPU.ActiveCfg = Release|Any CPU
		{605D47FF-F240-4C28-A9C9-5D5B5DE46A3A}.Release|Any CPU.Build.0 = Release|Any CPU
		{0B782845-1251-4657-859F-06AF470084A7}.Debug|Any CPU.ActiveCfg = Debug|Any CPU
		{0B782845-1251-4657-859F-06AF470084A7}.Debug|Any CPU.Build.0 = Debug|Any CPU
		{0B782845-1251-4657-859F-06AF470084A7}.Release|Any CPU.ActiveCfg = Release|Any CPU
		{0B782845-1251-4657-859F-06AF470084A7}.Release|Any CPU.Build.0 = Release|Any CPU
		{D1CF3BB3-0921-475E-9E42-2CA50588A387}.Debug|Any CPU.ActiveCfg = Debug|Any CPU
		{D1CF3BB3-0921-475E-9E42-2CA50588A387}.Debug|Any CPU.Build.0 = Debug|Any CPU
		{D1CF3BB3-0921-475E-9E42-2CA50588A387}.Release|Any CPU.ActiveCfg = Release|Any CPU
		{D1CF3BB3-0921-475E-9E42-2CA50588A387}.Release|Any CPU.Build.0 = Release|Any CPU
		{CE40CF48-0598-4869-91CA-A0F49D6272CB}.Debug|Any CPU.ActiveCfg = Debug|Any CPU
		{CE40CF48-0598-4869-91CA-A0F49D6272CB}.Debug|Any CPU.Build.0 = Debug|Any CPU
		{CE40CF48-0598-4869-91CA-A0F49D6272CB}.Release|Any CPU.ActiveCfg = Release|Any CPU
		{CE40CF48-0598-4869-91CA-A0F49D6272CB}.Release|Any CPU.Build.0 = Release|Any CPU
		{68FD0F61-7B6C-4C15-9170-EC0B31596688}.Debug|Any CPU.ActiveCfg = Debug|Any CPU
		{68FD0F61-7B6C-4C15-9170-EC0B31596688}.Debug|Any CPU.Build.0 = Debug|Any CPU
		{68FD0F61-7B6C-4C15-9170-EC0B31596688}.Release|Any CPU.ActiveCfg = Release|Any CPU
		{68FD0F61-7B6C-4C15-9170-EC0B31596688}.Release|Any CPU.Build.0 = Release|Any CPU
		{F3161793-CFCE-4710-88DB-7C97E33BC949}.Debug|Any CPU.ActiveCfg = Debug|Any CPU
		{F3161793-CFCE-4710-88DB-7C97E33BC949}.Debug|Any CPU.Build.0 = Debug|Any CPU
		{F3161793-CFCE-4710-88DB-7C97E33BC949}.Release|Any CPU.ActiveCfg = Release|Any CPU
		{F3161793-CFCE-4710-88DB-7C97E33BC949}.Release|Any CPU.Build.0 = Release|Any CPU
	EndGlobalSection
	GlobalSection(SolutionProperties) = preSolution
		HideSolutionNode = FALSE
	EndGlobalSection
	GlobalSection(NestedProjects) = preSolution
		{605D47FF-F240-4C28-A9C9-5D5B5DE46A3A} = {3EA340FB-22B3-40D9-8F52-9F159D2ED6DF}
		{0B782845-1251-4657-859F-06AF470084A7} = {DE5F767C-B554-4E0A-967F-8A449810545E}
		{D1CF3BB3-0921-475E-9E42-2CA50588A387} = {A25C32E1-74D2-4A2A-8BBF-198B7E6D0AB2}
		{CE40CF48-0598-4869-91CA-A0F49D6272CB} = {A25C32E1-74D2-4A2A-8BBF-198B7E6D0AB2}
		{68FD0F61-7B6C-4C15-9170-EC0B31596688} = {A25C32E1-74D2-4A2A-8BBF-198B7E6D0AB2}
		{F3161793-CFCE-4710-88DB-7C97E33BC949} = {A25C32E1-74D2-4A2A-8BBF-198B7E6D0AB2}
	EndGlobalSection
	GlobalSection(ExtensibilityGlobals) = postSolution
		SolutionGuid = {A3EDBC75-104E-4789-8C3F-AAC1A7442DF0}
	EndGlobalSection
EndGlobal
